// !$*UTF8*$!
{
	archiveVersion = 1;
	classes = {
	};
	objectVersion = 50;
	objects = {

/* Begin PBXBuildFile section */
		1138A60124A8A9C700022280 /* AppDelegate.m in Sources */ = {isa = PBXBuildFile; fileRef = 1138A60024A8A9C700022280 /* AppDelegate.m */; };
		1138A60424A8A9C700022280 /* SceneDelegate.m in Sources */ = {isa = PBXBuildFile; fileRef = 1138A60324A8A9C700022280 /* SceneDelegate.m */; };
		1138A60724A8A9C700022280 /* ViewController.m in Sources */ = {isa = PBXBuildFile; fileRef = 1138A60624A8A9C700022280 /* ViewController.m */; };
		1138A60A24A8A9C700022280 /* Main.storyboard in Resources */ = {isa = PBXBuildFile; fileRef = 1138A60824A8A9C700022280 /* Main.storyboard */; };
		1138A60C24A8A9C800022280 /* Assets.xcassets in Resources */ = {isa = PBXBuildFile; fileRef = 1138A60B24A8A9C800022280 /* Assets.xcassets */; };
		1138A60F24A8A9C800022280 /* LaunchScreen.storyboard in Resources */ = {isa = PBXBuildFile; fileRef = 1138A60D24A8A9C800022280 /* LaunchScreen.storyboard */; };
		1138A61224A8A9C800022280 /* main.m in Sources */ = {isa = PBXBuildFile; fileRef = 1138A61124A8A9C800022280 /* main.m */; };
		1138A61C24A8A9C800022280 /* MachineLearningTests.m in Sources */ = {isa = PBXBuildFile; fileRef = 1138A61B24A8A9C800022280 /* MachineLearningTests.m */; };
		1138A62724A8A9C800022280 /* MachineLearningUITests.m in Sources */ = {isa = PBXBuildFile; fileRef = 1138A62624A8A9C800022280 /* MachineLearningUITests.m */; };
/* End PBXBuildFile section */

/* Begin PBXContainerItemProxy section */
		1138A61824A8A9C800022280 /* PBXContainerItemProxy */ = {
			isa = PBXContainerItemProxy;
			containerPortal = 1138A5F424A8A9C700022280 /* Project object */;
			proxyType = 1;
			remoteGlobalIDString = 1138A5FB24A8A9C700022280;
			remoteInfo = MachineLearning;
		};
		1138A62324A8A9C800022280 /* PBXContainerItemProxy */ = {
			isa = PBXContainerItemProxy;
			containerPortal = 1138A5F424A8A9C700022280 /* Project object */;
			proxyType = 1;
			remoteGlobalIDString = 1138A5FB24A8A9C700022280;
			remoteInfo = MachineLearning;
		};
/* End PBXContainerItemProxy section */

/* Begin PBXFileReference section */
		1138A5FC24A8A9C700022280 /* MachineLearning.app */ = {isa = PBXFileReference; explicitFileType = wrapper.application; includeInIndex = 0; path = MachineLearning.app; sourceTree = BUILT_PRODUCTS_DIR; };
		1138A5FF24A8A9C700022280 /* AppDelegate.h */ = {isa = PBXFileReference; lastKnownFileType = sourcecode.c.h; path = AppDelegate.h; sourceTree = "<group>"; };
		1138A60024A8A9C700022280 /* AppDelegate.m */ = {isa = PBXFileReference; lastKnownFileType = sourcecode.c.objc; path = AppDelegate.m; sourceTree = "<group>"; };
		1138A60224A8A9C700022280 /* SceneDelegate.h */ = {isa = PBXFileReference; lastKnownFileType = sourcecode.c.h; path = SceneDelegate.h; sourceTree = "<group>"; };
		1138A60324A8A9C700022280 /* SceneDelegate.m */ = {isa = PBXFileReference; lastKnownFileType = sourcecode.c.objc; path = SceneDelegate.m; sourceTree = "<group>"; };
		1138A60524A8A9C700022280 /* ViewController.h */ = {isa = PBXFileReference; lastKnownFileType = sourcecode.c.h; path = ViewController.h; sourceTree = "<group>"; };
		1138A60624A8A9C700022280 /* ViewController.m */ = {isa = PBXFileReference; lastKnownFileType = sourcecode.c.objc; path = ViewController.m; sourceTree = "<group>"; };
		1138A60924A8A9C700022280 /* Base */ = {isa = PBXFileReference; lastKnownFileType = file.storyboard; name = Base; path = Base.lproj/Main.storyboard; sourceTree = "<group>"; };
		1138A60B24A8A9C800022280 /* Assets.xcassets */ = {isa = PBXFileReference; lastKnownFileType = folder.assetcatalog; path = Assets.xcassets; sourceTree = "<group>"; };
		1138A60E24A8A9C800022280 /* Base */ = {isa = PBXFileReference; lastKnownFileType = file.storyboard; name = Base; path = Base.lproj/LaunchScreen.storyboard; sourceTree = "<group>"; };
		1138A61024A8A9C800022280 /* Info.plist */ = {isa = PBXFileReference; lastKnownFileType = text.plist.xml; path = Info.plist; sourceTree = "<group>"; };
		1138A61124A8A9C800022280 /* main.m */ = {isa = PBXFileReference; lastKnownFileType = sourcecode.c.objc; path = main.m; sourceTree = "<group>"; };
		1138A61724A8A9C800022280 /* MachineLearningTests.xctest */ = {isa = PBXFileReference; explicitFileType = wrapper.cfbundle; includeInIndex = 0; path = MachineLearningTests.xctest; sourceTree = BUILT_PRODUCTS_DIR; };
		1138A61B24A8A9C800022280 /* MachineLearningTests.m */ = {isa = PBXFileReference; lastKnownFileType = sourcecode.c.objc; path = MachineLearningTests.m; sourceTree = "<group>"; };
		1138A61D24A8A9C800022280 /* Info.plist */ = {isa = PBXFileReference; lastKnownFileType = text.plist.xml; path = Info.plist; sourceTree = "<group>"; };
		1138A62224A8A9C800022280 /* MachineLearningUITests.xctest */ = {isa = PBXFileReference; explicitFileType = wrapper.cfbundle; includeInIndex = 0; path = MachineLearningUITests.xctest; sourceTree = BUILT_PRODUCTS_DIR; };
		1138A62624A8A9C800022280 /* MachineLearningUITests.m */ = {isa = PBXFileReference; lastKnownFileType = sourcecode.c.objc; path = MachineLearningUITests.m; sourceTree = "<group>"; };
		1138A62824A8A9C800022280 /* Info.plist */ = {isa = PBXFileReference; lastKnownFileType = text.plist.xml; path = Info.plist; sourceTree = "<group>"; };
/* End PBXFileReference section */

/* Begin PBXFrameworksBuildPhase section */
		1138A5F924A8A9C700022280 /* Frameworks */ = {
			isa = PBXFrameworksBuildPhase;
			buildActionMask = 2147483647;
			files = (
			);
			runOnlyForDeploymentPostprocessing = 0;
		};
		1138A61424A8A9C800022280 /* Frameworks */ = {
			isa = PBXFrameworksBuildPhase;
			buildActionMask = 2147483647;
			files = (
			);
			runOnlyForDeploymentPostprocessing = 0;
		};
		1138A61F24A8A9C800022280 /* Frameworks */ = {
			isa = PBXFrameworksBuildPhase;
			buildActionMask = 2147483647;
			files = (
			);
			runOnlyForDeploymentPostprocessing = 0;
		};
/* End PBXFrameworksBuildPhase section */

/* Begin PBXGroup section */
		1138A5F324A8A9C700022280 = {
			isa = PBXGroup;
			children = (
				1138A5FE24A8A9C700022280 /* MachineLearning */,
				1138A61A24A8A9C800022280 /* MachineLearningTests */,
				1138A62524A8A9C800022280 /* MachineLearningUITests */,
				1138A5FD24A8A9C700022280 /* Products */,
			);
			sourceTree = "<group>";
		};
		1138A5FD24A8A9C700022280 /* Products */ = {
			isa = PBXGroup;
			children = (
				1138A5FC24A8A9C700022280 /* MachineLearning.app */,
				1138A61724A8A9C800022280 /* MachineLearningTests.xctest */,
				1138A62224A8A9C800022280 /* MachineLearningUITests.xctest */,
			);
			name = Products;
			sourceTree = "<group>";
		};
		1138A5FE24A8A9C700022280 /* MachineLearning */ = {
			isa = PBXGroup;
			children = (
				1138A5FF24A8A9C700022280 /* AppDelegate.h */,
				1138A60024A8A9C700022280 /* AppDelegate.m */,
				1138A60224A8A9C700022280 /* SceneDelegate.h */,
				1138A60324A8A9C700022280 /* SceneDelegate.m */,
				1138A60524A8A9C700022280 /* ViewController.h */,
				1138A60624A8A9C700022280 /* ViewController.m */,
				1138A60824A8A9C700022280 /* Main.storyboard */,
				1138A60B24A8A9C800022280 /* Assets.xcassets */,
				1138A60D24A8A9C800022280 /* LaunchScreen.storyboard */,
				1138A61024A8A9C800022280 /* Info.plist */,
				1138A61124A8A9C800022280 /* main.m */,
			);
			path = MachineLearning;
			sourceTree = "<group>";
		};
		1138A61A24A8A9C800022280 /* MachineLearningTests */ = {
			isa = PBXGroup;
			children = (
				1138A61B24A8A9C800022280 /* MachineLearningTests.m */,
				1138A61D24A8A9C800022280 /* Info.plist */,
			);
			path = MachineLearningTests;
			sourceTree = "<group>";
		};
		1138A62524A8A9C800022280 /* MachineLearningUITests */ = {
			isa = PBXGroup;
			children = (
				1138A62624A8A9C800022280 /* MachineLearningUITests.m */,
				1138A62824A8A9C800022280 /* Info.plist */,
			);
			path = MachineLearningUITests;
			sourceTree = "<group>";
		};
/* End PBXGroup section */

/* Begin PBXNativeTarget section */
		1138A5FB24A8A9C700022280 /* MachineLearning */ = {
			isa = PBXNativeTarget;
			buildConfigurationList = 1138A62B24A8A9C800022280 /* Build configuration list for PBXNativeTarget "MachineLearning" */;
			buildPhases = (
				1138A5F824A8A9C700022280 /* Sources */,
				1138A5F924A8A9C700022280 /* Frameworks */,
				1138A5FA24A8A9C700022280 /* Resources */,
			);
			buildRules = (
			);
			dependencies = (
			);
			name = MachineLearning;
			productName = MachineLearning;
			productReference = 1138A5FC24A8A9C700022280 /* MachineLearning.app */;
			productType = "com.apple.product-type.application";
		};
		1138A61624A8A9C800022280 /* MachineLearningTests */ = {
			isa = PBXNativeTarget;
			buildConfigurationList = 1138A62E24A8A9C800022280 /* Build configuration list for PBXNativeTarget "MachineLearningTests" */;
			buildPhases = (
				1138A61324A8A9C800022280 /* Sources */,
				1138A61424A8A9C800022280 /* Frameworks */,
				1138A61524A8A9C800022280 /* Resources */,
			);
			buildRules = (
			);
			dependencies = (
				1138A61924A8A9C800022280 /* PBXTargetDependency */,
			);
			name = MachineLearningTests;
			productName = MachineLearningTests;
			productReference = 1138A61724A8A9C800022280 /* MachineLearningTests.xctest */;
			productType = "com.apple.product-type.bundle.unit-test";
		};
		1138A62124A8A9C800022280 /* MachineLearningUITests */ = {
			isa = PBXNativeTarget;
			buildConfigurationList = 1138A63124A8A9C800022280 /* Build configuration list for PBXNativeTarget "MachineLearningUITests" */;
			buildPhases = (
				1138A61E24A8A9C800022280 /* Sources */,
				1138A61F24A8A9C800022280 /* Frameworks */,
				1138A62024A8A9C800022280 /* Resources */,
			);
			buildRules = (
			);
			dependencies = (
				1138A62424A8A9C800022280 /* PBXTargetDependency */,
			);
			name = MachineLearningUITests;
			productName = MachineLearningUITests;
			productReference = 1138A62224A8A9C800022280 /* MachineLearningUITests.xctest */;
			productType = "com.apple.product-type.bundle.ui-testing";
		};
/* End PBXNativeTarget section */

/* Begin PBXProject section */
		1138A5F424A8A9C700022280 /* Project object */ = {
			isa = PBXProject;
			attributes = {
				LastUpgradeCheck = 1150;
				ORGANIZATIONNAME = tigerfly;
				TargetAttributes = {
					1138A5FB24A8A9C700022280 = {
						CreatedOnToolsVersion = 11.5;
					};
					1138A61624A8A9C800022280 = {
						CreatedOnToolsVersion = 11.5;
						TestTargetID = 1138A5FB24A8A9C700022280;
					};
					1138A62124A8A9C800022280 = {
						CreatedOnToolsVersion = 11.5;
						TestTargetID = 1138A5FB24A8A9C700022280;
					};
				};
			};
			buildConfigurationList = 1138A5F724A8A9C700022280 /* Build configuration list for PBXProject "MachineLearning" */;
			compatibilityVersion = "Xcode 9.3";
			developmentRegion = en;
			hasScannedForEncodings = 0;
			knownRegions = (
				en,
				Base,
			);
			mainGroup = 1138A5F324A8A9C700022280;
			productRefGroup = 1138A5FD24A8A9C700022280 /* Products */;
			projectDirPath = "";
			projectRoot = "";
			targets = (
				1138A5FB24A8A9C700022280 /* MachineLearning */,
				1138A61624A8A9C800022280 /* MachineLearningTests */,
				1138A62124A8A9C800022280 /* MachineLearningUITests */,
			);
		};
/* End PBXProject section */

/* Begin PBXResourcesBuildPhase section */
		1138A5FA24A8A9C700022280 /* Resources */ = {
			isa = PBXResourcesBuildPhase;
			buildActionMask = 2147483647;
			files = (
				1138A60F24A8A9C800022280 /* LaunchScreen.storyboard in Resources */,
				1138A60C24A8A9C800022280 /* Assets.xcassets in Resources */,
				1138A60A24A8A9C700022280 /* Main.storyboard in Resources */,
			);
			runOnlyForDeploymentPostprocessing = 0;
		};
		1138A61524A8A9C800022280 /* Resources */ = {
			isa = PBXResourcesBuildPhase;
			buildActionMask = 2147483647;
			files = (
			);
			runOnlyForDeploymentPostprocessing = 0;
		};
		1138A62024A8A9C800022280 /* Resources */ = {
			isa = PBXResourcesBuildPhase;
			buildActionMask = 2147483647;
			files = (
			);
			runOnlyForDeploymentPostprocessing = 0;
		};
/* End PBXResourcesBuildPhase section */

/* Begin PBXSourcesBuildPhase section */
		1138A5F824A8A9C700022280 /* Sources */ = {
			isa = PBXSourcesBuildPhase;
			buildActionMask = 2147483647;
			files = (
				1138A60724A8A9C700022280 /* ViewController.m in Sources */,
				1138A60124A8A9C700022280 /* AppDelegate.m in Sources */,
				1138A61224A8A9C800022280 /* main.m in Sources */,
				1138A60424A8A9C700022280 /* SceneDelegate.m in Sources */,
			);
			runOnlyForDeploymentPostprocessing = 0;
		};
		1138A61324A8A9C800022280 /* Sources */ = {
			isa = PBXSourcesBuildPhase;
			buildActionMask = 2147483647;
			files = (
				1138A61C24A8A9C800022280 /* MachineLearningTests.m in Sources */,
			);
			runOnlyForDeploymentPostprocessing = 0;
		};
		1138A61E24A8A9C800022280 /* Sources */ = {
			isa = PBXSourcesBuildPhase;
			buildActionMask = 2147483647;
			files = (
				1138A62724A8A9C800022280 /* MachineLearningUITests.m in Sources */,
			);
			runOnlyForDeploymentPostprocessing = 0;
		};
/* End PBXSourcesBuildPhase section */

/* Begin PBXTargetDependency section */
		1138A61924A8A9C800022280 /* PBXTargetDependency */ = {
			isa = PBXTargetDependency;
			target = 1138A5FB24A8A9C700022280 /* MachineLearning */;
			targetProxy = 1138A61824A8A9C800022280 /* PBXContainerItemProxy */;
		};
		1138A62424A8A9C800022280 /* PBXTargetDependency */ = {
			isa = PBXTargetDependency;
			target = 1138A5FB24A8A9C700022280 /* MachineLearning */;
			targetProxy = 1138A62324A8A9C800022280 /* PBXContainerItemProxy */;
		};
/* End PBXTargetDependency section */

/* Begin PBXVariantGroup section */
		1138A60824A8A9C700022280 /* Main.storyboard */ = {
			isa = PBXVariantGroup;
			children = (
				1138A60924A8A9C700022280 /* Base */,
			);
			name = Main.storyboard;
			sourceTree = "<group>";
		};
		1138A60D24A8A9C800022280 /* LaunchScreen.storyboard */ = {
			isa = PBXVariantGroup;
			children = (
				1138A60E24A8A9C800022280 /* Base */,
			);
			name = LaunchScreen.storyboard;
			sourceTree = "<group>";
		};
/* End PBXVariantGroup section */

/* Begin XCBuildConfiguration section */
		1138A62924A8A9C800022280 /* Debug */ = {
			isa = XCBuildConfiguration;
			buildSettings = {
				ALWAYS_SEARCH_USER_PATHS = NO;
				CLANG_ANALYZER_NONNULL = YES;
				CLANG_ANALYZER_NUMBER_OBJECT_CONVERSION = YES_AGGRESSIVE;
				CLANG_CXX_LANGUAGE_STANDARD = "gnu++14";
				CLANG_CXX_LIBRARY = "libc++";
				CLANG_ENABLE_MODULES = YES;
				CLANG_ENABLE_OBJC_ARC = YES;
				CLANG_ENABLE_OBJC_WEAK = YES;
				CLANG_WARN_BLOCK_CAPTURE_AUTORELEASING = YES;
				CLANG_WARN_BOOL_CONVERSION = YES;
				CLANG_WARN_COMMA = YES;
				CLANG_WARN_CONSTANT_CONVERSION = YES;
				CLANG_WARN_DEPRECATED_OBJC_IMPLEMENTATIONS = YES;
				CLANG_WARN_DIRECT_OBJC_ISA_USAGE = YES_ERROR;
				CLANG_WARN_DOCUMENTATION_COMMENTS = YES;
				CLANG_WARN_EMPTY_BODY = YES;
				CLANG_WARN_ENUM_CONVERSION = YES;
				CLANG_WARN_INFINITE_RECURSION = YES;
				CLANG_WARN_INT_CONVERSION = YES;
				CLANG_WARN_NON_LITERAL_NULL_CONVERSION = YES;
				CLANG_WARN_OBJC_IMPLICIT_RETAIN_SELF = YES;
				CLANG_WARN_OBJC_LITERAL_CONVERSION = YES;
				CLANG_WARN_OBJC_ROOT_CLASS = YES_ERROR;
				CLANG_WARN_RANGE_LOOP_ANALYSIS = YES;
				CLANG_WARN_STRICT_PROTOTYPES = YES;
				CLANG_WARN_SUSPICIOUS_MOVE = YES;
				CLANG_WARN_UNGUARDED_AVAILABILITY = YES_AGGRESSIVE;
				CLANG_WARN_UNREACHABLE_CODE = YES;
				CLANG_WARN__DUPLICATE_METHOD_MATCH = YES;
				COPY_PHASE_STRIP = NO;
				DEBUG_INFORMATION_FORMAT = dwarf;
				ENABLE_STRICT_OBJC_MSGSEND = YES;
				ENABLE_TESTABILITY = YES;
				GCC_C_LANGUAGE_STANDARD = gnu11;
				GCC_DYNAMIC_NO_PIC = NO;
				GCC_NO_COMMON_BLOCKS = YES;
				GCC_OPTIMIZATION_LEVEL = 0;
				GCC_PREPROCESSOR_DEFINITIONS = (
					"DEBUG=1",
					"$(inherited)",
				);
				GCC_WARN_64_TO_32_BIT_CONVERSION = YES;
				GCC_WARN_ABOUT_RETURN_TYPE = YES_ERROR;
				GCC_WARN_UNDECLARED_SELECTOR = YES;
				GCC_WARN_UNINITIALIZED_AUTOS = YES_AGGRESSIVE;
				GCC_WARN_UNUSED_FUNCTION = YES;
				GCC_WARN_UNUSED_VARIABLE = YES;
				IPHONEOS_DEPLOYMENT_TARGET = 13.5;
				MTL_ENABLE_DEBUG_INFO = INCLUDE_SOURCE;
				MTL_FAST_MATH = YES;
				ONLY_ACTIVE_ARCH = YES;
				SDKROOT = iphoneos;
			};
			name = Debug;
		};
		1138A62A24A8A9C800022280 /* Release */ = {
			isa = XCBuildConfiguration;
			buildSettings = {
				ALWAYS_SEARCH_USER_PATHS = NO;
				CLANG_ANALYZER_NONNULL = YES;
				CLANG_ANALYZER_NUMBER_OBJECT_CONVERSION = YES_AGGRESSIVE;
				CLANG_CXX_LANGUAGE_STANDARD = "gnu++14";
				CLANG_CXX_LIBRARY = "libc++";
				CLANG_ENABLE_MODULES = YES;
				CLANG_ENABLE_OBJC_ARC = YES;
				CLANG_ENABLE_OBJC_WEAK = YES;
				CLANG_WARN_BLOCK_CAPTURE_AUTORELEASING = YES;
				CLANG_WARN_BOOL_CONVERSION = YES;
				CLANG_WARN_COMMA = YES;
				CLANG_WARN_CONSTANT_CONVERSION = YES;
				CLANG_WARN_DEPRECATED_OBJC_IMPLEMENTATIONS = YES;
				CLANG_WARN_DIRECT_OBJC_ISA_USAGE = YES_ERROR;
				CLANG_WARN_DOCUMENTATION_COMMENTS = YES;
				CLANG_WARN_EMPTY_BODY = YES;
				CLANG_WARN_ENUM_CONVERSION = YES;
				CLANG_WARN_INFINITE_RECURSION = YES;
				CLANG_WARN_INT_CONVERSION = YES;
				CLANG_WARN_NON_LITERAL_NULL_CONVERSION = YES;
				CLANG_WARN_OBJC_IMPLICIT_RETAIN_SELF = YES;
				CLANG_WARN_OBJC_LITERAL_CONVERSION = YES;
				CLANG_WARN_OBJC_ROOT_CLASS = YES_ERROR;
				CLANG_WARN_RANGE_LOOP_ANALYSIS = YES;
				CLANG_WARN_STRICT_PROTOTYPES = YES;
				CLANG_WARN_SUSPICIOUS_MOVE = YES;
				CLANG_WARN_UNGUARDED_AVAILABILITY = YES_AGGRESSIVE;
				CLANG_WARN_UNREACHABLE_CODE = YES;
				CLANG_WARN__DUPLICATE_METHOD_MATCH = YES;
				COPY_PHASE_STRIP = NO;
				DEBUG_INFORMATION_FORMAT = "dwarf-with-dsym";
				ENABLE_NS_ASSERTIONS = NO;
				ENABLE_STRICT_OBJC_MSGSEND = YES;
				GCC_C_LANGUAGE_STANDARD = gnu11;
				GCC_NO_COMMON_BLOCKS = YES;
				GCC_WARN_64_TO_32_BIT_CONVERSION = YES;
				GCC_WARN_ABOUT_RETURN_TYPE = YES_ERROR;
				GCC_WARN_UNDECLARED_SELECTOR = YES;
				GCC_WARN_UNINITIALIZED_AUTOS = YES_AGGRESSIVE;
				GCC_WARN_UNUSED_FUNCTION = YES;
				GCC_WARN_UNUSED_VARIABLE = YES;
				IPHONEOS_DEPLOYMENT_TARGET = 13.5;
				MTL_ENABLE_DEBUG_INFO = NO;
				MTL_FAST_MATH = YES;
				SDKROOT = iphoneos;
				VALIDATE_PRODUCT = YES;
			};
			name = Release;
		};
		1138A62C24A8A9C800022280 /* Debug */ = {
			isa = XCBuildConfiguration;
			buildSettings = {
				ASSETCATALOG_COMPILER_APPICON_NAME = AppIcon;
				CODE_SIGN_STYLE = Automatic;
				DEVELOPMENT_TEAM = 962BW6QCNQ;
				INFOPLIST_FILE = MachineLearning/Info.plist;
				LD_RUNPATH_SEARCH_PATHS = (
					"$(inherited)",
					"@executable_path/Frameworks",
				);
				PRODUCT_BUNDLE_IDENTIFIER = com.jumei.MachineLearning;
				PRODUCT_NAME = "$(TARGET_NAME)";
				TARGETED_DEVICE_FAMILY = "1,2";
			};
			name = Debug;
		};
		1138A62D24A8A9C800022280 /* Release */ = {
			isa = XCBuildConfiguration;
			buildSettings = {
				ASSETCATALOG_COMPILER_APPICON_NAME = AppIcon;
				CODE_SIGN_STYLE = Automatic;
				DEVELOPMENT_TEAM = 962BW6QCNQ;
				INFOPLIST_FILE = MachineLearning/Info.plist;
				LD_RUNPATH_SEARCH_PATHS = (
					"$(inherited)",
					"@executable_path/Frameworks",
				);
				PRODUCT_BUNDLE_IDENTIFIER = com.jumei.MachineLearning;
				PRODUCT_NAME = "$(TARGET_NAME)";
				TARGETED_DEVICE_FAMILY = "1,2";
			};
			name = Release;
		};
		1138A62F24A8A9C800022280 /* Debug */ = {
			isa = XCBuildConfiguration;
			buildSettings = {
				BUNDLE_LOADER = "$(TEST_HOST)";
				CODE_SIGN_STYLE = Automatic;
				DEVELOPMENT_TEAM = 962BW6QCNQ;
				INFOPLIST_FILE = MachineLearningTests/Info.plist;
				IPHONEOS_DEPLOYMENT_TARGET = 13.5;
				LD_RUNPATH_SEARCH_PATHS = (
					"$(inherited)",
					"@executable_path/Frameworks",
					"@loader_path/Frameworks",
				);
				PRODUCT_BUNDLE_IDENTIFIER = com.jumei.MachineLearningTests;
				PRODUCT_NAME = "$(TARGET_NAME)";
				TARGETED_DEVICE_FAMILY = "1,2";
				TEST_HOST = "$(BUILT_PRODUCTS_DIR)/MachineLearning.app/MachineLearning";
			};
			name = Debug;
		};
		1138A63024A8A9C800022280 /* Release */ = {
			isa = XCBuildConfiguration;
			buildSettings = {
				BUNDLE_LOADER = "$(TEST_HOST)";
				CODE_SIGN_STYLE = Automatic;
				DEVELOPMENT_TEAM = 962BW6QCNQ;
				INFOPLIST_FILE = MachineLearningTests/Info.plist;
				IPHONEOS_DEPLOYMENT_TARGET = 13.5;
				LD_RUNPATH_SEARCH_PATHS = (
					"$(inherited)",
					"@executable_path/Frameworks",
					"@loader_path/Frameworks",
				);
				PRODUCT_BUNDLE_IDENTIFIER = com.jumei.MachineLearningTests;
				PRODUCT_NAME = "$(TARGET_NAME)";
				TARGETED_DEVICE_FAMILY = "1,2";
				TEST_HOST = "$(BUILT_PRODUCTS_DIR)/MachineLearning.app/MachineLearning";
			};
			name = Release;
		};
		1138A63224A8A9C800022280 /* Debug */ = {
			isa = XCBuildConfiguration;
			buildSettings = {
				CODE_SIGN_STYLE = Automatic;
				DEVELOPMENT_TEAM = 962BW6QCNQ;
				INFOPLIST_FILE = MachineLearningUITests/Info.plist;
				LD_RUNPATH_SEARCH_PATHS = (
					"$(inherited)",
					"@executable_path/Frameworks",
					"@loader_path/Frameworks",
				);
				PRODUCT_BUNDLE_IDENTIFIER = com.jumei.MachineLearningUITests;
				PRODUCT_NAME = "$(TARGET_NAME)";
				TARGETED_DEVICE_FAMILY = "1,2";
				TEST_TARGET_NAME = MachineLearning;
			};
			name = Debug;
		};
		1138A63324A8A9C800022280 /* Release */ = {
			isa = XCBuildConfiguration;
			buildSettings = {
				CODE_SIGN_STYLE = Automatic;
				DEVELOPMENT_TEAM = 962BW6QCNQ;
				INFOPLIST_FILE = MachineLearningUITests/Info.plist;
				LD_RUNPATH_SEARCH_PATHS = (
					"$(inherited)",
					"@executable_path/Frameworks",
					"@loader_path/Frameworks",
				);
				PRODUCT_BUNDLE_IDENTIFIER = com.jumei.MachineLearningUITests;
				PRODUCT_NAME = "$(TARGET_NAME)";
				TARGETED_DEVICE_FAMILY = "1,2";
				TEST_TARGET_NAME = MachineLearning;
			};
			name = Release;
		};
/* End XCBuildConfiguration section */

/* Begin XCConfigurationList section */
		1138A5F724A8A9C700022280 /* Build configuration list for PBXProject "MachineLearning" */ = {
			isa = XCConfigurationList;
			buildConfigurations = (
				1138A62924A8A9C800022280 /* Debug */,
				1138A62A24A8A9C800022280 /* Release */,
			);
			defaultConfigurationIsVisible = 0;
			defaultConfigurationName = Release;
		};
		1138A62B24A8A9C800022280 /* Build configuration list for PBXNativeTarget "MachineLearning" */ = {
			isa = XCConfigurationList;
			buildConfigurations = (
				1138A62C24A8A9C800022280 /* Debug */,
				1138A62D24A8A9C800022280 /* Release */,
			);
			defaultConfigurationIsVisible = 0;
			defaultConfigurationName = Release;
		};
		1138A62E24A8A9C800022280 /* Build configuration list for PBXNativeTarget "MachineLearningTests" */ = {
			isa = XCConfigurationList;
			buildConfigurations = (
				1138A62F24A8A9C800022280 /* Debug */,
				1138A63024A8A9C800022280 /* Release */,
			);
			defaultConfigurationIsVisible = 0;
			defaultConfigurationName = Release;
		};
		1138A63124A8A9C800022280 /* Build configuration list for PBXNativeTarget "MachineLearningUITests" */ = {
			isa = XCConfigurationList;
			buildConfigurations = (
				1138A63224A8A9C800022280 /* Debug */,
				1138A63324A8A9C800022280 /* Release */,
			);
			defaultConfigurationIsVisible = 0;
			defaultConfigurationName = Release;
		};
/* End XCConfigurationList section */
	};
	rootObject = 1138A5F424A8A9C700022280 /* Project object */;
}
